// !$*UTF8*$!
{
	archiveVersion = 1;
	classes = {
	};
	objectVersion = 56;
	objects = {

/* Begin PBXBuildFile section */
		7683DA84D97B5222BD78D0DE /* Pods_PhotoLibrary.framework in Frameworks */ = {isa = PBXBuildFile; fileRef = 5A07776ADE957091DC5C2FA0 /* Pods_PhotoLibrary.framework */; };
		7907566A2D50E64200B0C2D5 /* PhotoCell.swift in Sources */ = {isa = PBXBuildFile; fileRef = 790756692D50E64200B0C2D5 /* PhotoCell.swift */; };
		7946936E2D467A6F00D5E0F3 /* UIViewController+Extensions.swift in Sources */ = {isa = PBXBuildFile; fileRef = 7946936D2D467A6F00D5E0F3 /* UIViewController+Extensions.swift */; };
		794855402D2BC945005C23F7 /* AppDelegate.swift in Sources */ = {isa = PBXBuildFile; fileRef = 7948553F2D2BC945005C23F7 /* AppDelegate.swift */; };
		794855422D2BC945005C23F7 /* SceneDelegate.swift in Sources */ = {isa = PBXBuildFile; fileRef = 794855412D2BC945005C23F7 /* SceneDelegate.swift */; };
		794855442D2BC945005C23F7 /* ViewController.swift in Sources */ = {isa = PBXBuildFile; fileRef = 794855432D2BC945005C23F7 /* ViewController.swift */; };
		794855472D2BC945005C23F7 /* Main.storyboard in Resources */ = {isa = PBXBuildFile; fileRef = 794855452D2BC945005C23F7 /* Main.storyboard */; };
		794855492D2BC947005C23F7 /* Assets.xcassets in Resources */ = {isa = PBXBuildFile; fileRef = 794855482D2BC947005C23F7 /* Assets.xcassets */; };
		7948554C2D2BC947005C23F7 /* LaunchScreen.storyboard in Resources */ = {isa = PBXBuildFile; fileRef = 7948554A2D2BC947005C23F7 /* LaunchScreen.storyboard */; };
		794855542D2E7EFD005C23F7 /* AddPhotoViewController.swift in Sources */ = {isa = PBXBuildFile; fileRef = 794855532D2E7EFD005C23F7 /* AddPhotoViewController.swift */; };
		794855562D2E80F8005C23F7 /* PasscodeViewController.swift in Sources */ = {isa = PBXBuildFile; fileRef = 794855552D2E80F7005C23F7 /* PasscodeViewController.swift */; };
		794855582D2E8144005C23F7 /* Constants.swift in Sources */ = {isa = PBXBuildFile; fileRef = 794855572D2E8144005C23F7 /* Constants.swift */; };
		7948555E2D2EAD17005C23F7 /* BackBtn.swift in Sources */ = {isa = PBXBuildFile; fileRef = 7948555D2D2EAD17005C23F7 /* BackBtn.swift */; };
		794855602D2EAF6A005C23F7 /* LikeBtn.swift in Sources */ = {isa = PBXBuildFile; fileRef = 7948555F2D2EAF6A005C23F7 /* LikeBtn.swift */; };
		794855622D2EB0FB005C23F7 /* PhotoView.swift in Sources */ = {isa = PBXBuildFile; fileRef = 794855612D2EB0FB005C23F7 /* PhotoView.swift */; };
		794855642D2FC11B005C23F7 /* ArrowBtn.swift in Sources */ = {isa = PBXBuildFile; fileRef = 794855632D2FC11B005C23F7 /* ArrowBtn.swift */; };
		794855672D2FCA6D005C23F7 /* Montserrat-VariableFont_wght.ttf in Resources */ = {isa = PBXBuildFile; fileRef = 794855662D2FCA6D005C23F7 /* Montserrat-VariableFont_wght.ttf */; };
		794855692D2FD884005C23F7 /* DateLabel.swift in Sources */ = {isa = PBXBuildFile; fileRef = 794855682D2FD884005C23F7 /* DateLabel.swift */; };
		7948556B2D2FF207005C23F7 /* LibraryViewController.swift in Sources */ = {isa = PBXBuildFile; fileRef = 7948556A2D2FF207005C23F7 /* LibraryViewController.swift */; };
		7948556D2D2FF67A005C23F7 /* AddPhotoBtn.swift in Sources */ = {isa = PBXBuildFile; fileRef = 7948556C2D2FF67A005C23F7 /* AddPhotoBtn.swift */; };
		7948556F2D2FFEED005C23F7 /* DescriptionTextField.swift in Sources */ = {isa = PBXBuildFile; fileRef = 7948556E2D2FFEED005C23F7 /* DescriptionTextField.swift */; };
		794855932D3152AE005C23F7 /* UserImage.swift in Sources */ = {isa = PBXBuildFile; fileRef = 794855922D3152AE005C23F7 /* UserImage.swift */; };
		794855952D315466005C23F7 /* StorageManager.swift in Sources */ = {isa = PBXBuildFile; fileRef = 794855942D315465005C23F7 /* StorageManager.swift */; };
		794855972D315ED3005C23F7 /* PhotoViewController.swift in Sources */ = {isa = PBXBuildFile; fileRef = 794855962D315ED3005C23F7 /* PhotoViewController.swift */; };
		79A856562D3938940003552B /* FlipBtn.swift in Sources */ = {isa = PBXBuildFile; fileRef = 79A856552D3938940003552B /* FlipBtn.swift */; };
		79A856592D393A320003552B /* PhotoFlipper.swift in Sources */ = {isa = PBXBuildFile; fileRef = 79A856582D393A320003552B /* PhotoFlipper.swift */; };
		79A8565F2D3E79B40003552B /* PasscodeStackView.swift in Sources */ = {isa = PBXBuildFile; fileRef = 79A8565E2D3E79B40003552B /* PasscodeStackView.swift */; };
/* End PBXBuildFile section */

/* Begin PBXFileReference section */
		1DB1CB8F2E19F3B6E3861819 /* Pods-PhotoLibrary.debug.xcconfig */ = {isa = PBXFileReference; includeInIndex = 1; lastKnownFileType = text.xcconfig; name = "Pods-PhotoLibrary.debug.xcconfig"; path = "Target Support Files/Pods-PhotoLibrary/Pods-PhotoLibrary.debug.xcconfig"; sourceTree = "<group>"; };
		39541820B91086FD51AB166C /* Pods-PhotoLibrary.release.xcconfig */ = {isa = PBXFileReference; includeInIndex = 1; lastKnownFileType = text.xcconfig; name = "Pods-PhotoLibrary.release.xcconfig"; path = "Target Support Files/Pods-PhotoLibrary/Pods-PhotoLibrary.release.xcconfig"; sourceTree = "<group>"; };
		5A07776ADE957091DC5C2FA0 /* Pods_PhotoLibrary.framework */ = {isa = PBXFileReference; explicitFileType = wrapper.framework; includeInIndex = 0; path = Pods_PhotoLibrary.framework; sourceTree = BUILT_PRODUCTS_DIR; };
		790756692D50E64200B0C2D5 /* PhotoCell.swift */ = {isa = PBXFileReference; lastKnownFileType = sourcecode.swift; path = PhotoCell.swift; sourceTree = "<group>"; };
		7946936D2D467A6F00D5E0F3 /* UIViewController+Extensions.swift */ = {isa = PBXFileReference; lastKnownFileType = sourcecode.swift; path = "UIViewController+Extensions.swift"; sourceTree = "<group>"; };
		7948553C2D2BC945005C23F7 /* PhotoLibrary.app */ = {isa = PBXFileReference; explicitFileType = wrapper.application; includeInIndex = 0; path = PhotoLibrary.app; sourceTree = BUILT_PRODUCTS_DIR; };
		7948553F2D2BC945005C23F7 /* AppDelegate.swift */ = {isa = PBXFileReference; lastKnownFileType = sourcecode.swift; path = AppDelegate.swift; sourceTree = "<group>"; };
		794855412D2BC945005C23F7 /* SceneDelegate.swift */ = {isa = PBXFileReference; lastKnownFileType = sourcecode.swift; path = SceneDelegate.swift; sourceTree = "<group>"; };
		794855432D2BC945005C23F7 /* ViewController.swift */ = {isa = PBXFileReference; lastKnownFileType = sourcecode.swift; path = ViewController.swift; sourceTree = "<group>"; };
		794855462D2BC945005C23F7 /* Base */ = {isa = PBXFileReference; lastKnownFileType = file.storyboard; name = Base; path = Base.lproj/Main.storyboard; sourceTree = "<group>"; };
		794855482D2BC947005C23F7 /* Assets.xcassets */ = {isa = PBXFileReference; lastKnownFileType = folder.assetcatalog; path = Assets.xcassets; sourceTree = "<group>"; };
		7948554B2D2BC947005C23F7 /* Base */ = {isa = PBXFileReference; lastKnownFileType = file.storyboard; name = Base; path = Base.lproj/LaunchScreen.storyboard; sourceTree = "<group>"; };
		7948554D2D2BC947005C23F7 /* Info.plist */ = {isa = PBXFileReference; lastKnownFileType = text.plist.xml; path = Info.plist; sourceTree = "<group>"; };
		794855532D2E7EFD005C23F7 /* AddPhotoViewController.swift */ = {isa = PBXFileReference; lastKnownFileType = sourcecode.swift; path = AddPhotoViewController.swift; sourceTree = "<group>"; };
		794855552D2E80F7005C23F7 /* PasscodeViewController.swift */ = {isa = PBXFileReference; lastKnownFileType = sourcecode.swift; path = PasscodeViewController.swift; sourceTree = "<group>"; };
		794855572D2E8144005C23F7 /* Constants.swift */ = {isa = PBXFileReference; lastKnownFileType = sourcecode.swift; path = Constants.swift; sourceTree = "<group>"; };
		7948555D2D2EAD17005C23F7 /* BackBtn.swift */ = {isa = PBXFileReference; lastKnownFileType = sourcecode.swift; path = BackBtn.swift; sourceTree = "<group>"; };
		7948555F2D2EAF6A005C23F7 /* LikeBtn.swift */ = {isa = PBXFileReference; lastKnownFileType = sourcecode.swift; path = LikeBtn.swift; sourceTree = "<group>"; };
		794855612D2EB0FB005C23F7 /* PhotoView.swift */ = {isa = PBXFileReference; lastKnownFileType = sourcecode.swift; path = PhotoView.swift; sourceTree = "<group>"; };
		794855632D2FC11B005C23F7 /* ArrowBtn.swift */ = {isa = PBXFileReference; lastKnownFileType = sourcecode.swift; path = ArrowBtn.swift; sourceTree = "<group>"; };
		794855662D2FCA6D005C23F7 /* Montserrat-VariableFont_wght.ttf */ = {isa = PBXFileReference; lastKnownFileType = file; path = "Montserrat-VariableFont_wght.ttf"; sourceTree = "<group>"; };
		794855682D2FD884005C23F7 /* DateLabel.swift */ = {isa = PBXFileReference; lastKnownFileType = sourcecode.swift; path = DateLabel.swift; sourceTree = "<group>"; };
		7948556A2D2FF207005C23F7 /* LibraryViewController.swift */ = {isa = PBXFileReference; lastKnownFileType = sourcecode.swift; path = LibraryViewController.swift; sourceTree = "<group>"; };
		7948556C2D2FF67A005C23F7 /* AddPhotoBtn.swift */ = {isa = PBXFileReference; lastKnownFileType = sourcecode.swift; path = AddPhotoBtn.swift; sourceTree = "<group>"; };
		7948556E2D2FFEED005C23F7 /* DescriptionTextField.swift */ = {isa = PBXFileReference; lastKnownFileType = sourcecode.swift; path = DescriptionTextField.swift; sourceTree = "<group>"; };
		794855922D3152AE005C23F7 /* UserImage.swift */ = {isa = PBXFileReference; lastKnownFileType = sourcecode.swift; path = UserImage.swift; sourceTree = "<group>"; };
		794855942D315465005C23F7 /* StorageManager.swift */ = {isa = PBXFileReference; lastKnownFileType = sourcecode.swift; path = StorageManager.swift; sourceTree = "<group>"; };
		794855962D315ED3005C23F7 /* PhotoViewController.swift */ = {isa = PBXFileReference; lastKnownFileType = sourcecode.swift; path = PhotoViewController.swift; sourceTree = "<group>"; };
		79A856552D3938940003552B /* FlipBtn.swift */ = {isa = PBXFileReference; lastKnownFileType = sourcecode.swift; path = FlipBtn.swift; sourceTree = "<group>"; };
		79A856582D393A320003552B /* PhotoFlipper.swift */ = {isa = PBXFileReference; lastKnownFileType = sourcecode.swift; path = PhotoFlipper.swift; sourceTree = "<group>"; };
		79A8565E2D3E79B40003552B /* PasscodeStackView.swift */ = {isa = PBXFileReference; lastKnownFileType = sourcecode.swift; path = PasscodeStackView.swift; sourceTree = "<group>"; };
/* End PBXFileReference section */

/* Begin PBXFrameworksBuildPhase section */
		794855392D2BC945005C23F7 /* Frameworks */ = {
			isa = PBXFrameworksBuildPhase;
			buildActionMask = 2147483647;
			files = (
				7683DA84D97B5222BD78D0DE /* Pods_PhotoLibrary.framework in Frameworks */,
			);
			runOnlyForDeploymentPostprocessing = 0;
		};
/* End PBXFrameworksBuildPhase section */

/* Begin PBXGroup section */
		7907566B2D50EB5400B0C2D5 /* Library */ = {
			isa = PBXGroup;
			children = (
				7948556A2D2FF207005C23F7 /* LibraryViewController.swift */,
				790756692D50E64200B0C2D5 /* PhotoCell.swift */,
			);
			path = Library;
			sourceTree = "<group>";
		};
		7946936C2D467A5600D5E0F3 /* Extensions */ = {
			isa = PBXGroup;
			children = (
				7946936D2D467A6F00D5E0F3 /* UIViewController+Extensions.swift */,
			);
			path = Extensions;
			sourceTree = "<group>";
		};
		794855332D2BC945005C23F7 = {
			isa = PBXGroup;
			children = (
				7948553E2D2BC945005C23F7 /* PhotoLibrary */,
				7948553D2D2BC945005C23F7 /* Products */,
				A0970960F747C10F9F4B777E /* Pods */,
				E2EBF1BC42DE09356737EAAB /* Frameworks */,
			);
			sourceTree = "<group>";
		};
		7948553D2D2BC945005C23F7 /* Products */ = {
			isa = PBXGroup;
			children = (
				7948553C2D2BC945005C23F7 /* PhotoLibrary.app */,
			);
			name = Products;
			sourceTree = "<group>";
		};
		7948553E2D2BC945005C23F7 /* PhotoLibrary */ = {
			isa = PBXGroup;
			children = (
				7907566B2D50EB5400B0C2D5 /* Library */,
				79A856572D3939F70003552B /* StorageManager */,
				7946936C2D467A5600D5E0F3 /* Extensions */,
				794855652D2FCA62005C23F7 /* Fonts */,
				794855592D2E828C005C23F7 /* UIComponents */,
				7948553F2D2BC945005C23F7 /* AppDelegate.swift */,
				794855412D2BC945005C23F7 /* SceneDelegate.swift */,
				794855532D2E7EFD005C23F7 /* AddPhotoViewController.swift */,
				794855962D315ED3005C23F7 /* PhotoViewController.swift */,
				79A856582D393A320003552B /* PhotoFlipper.swift */,
				794855552D2E80F7005C23F7 /* PasscodeViewController.swift */,
				794855572D2E8144005C23F7 /* Constants.swift */,
				794855452D2BC945005C23F7 /* Main.storyboard */,
				794855482D2BC947005C23F7 /* Assets.xcassets */,
				7948554A2D2BC947005C23F7 /* LaunchScreen.storyboard */,
				794855432D2BC945005C23F7 /* ViewController.swift */,
				7948554D2D2BC947005C23F7 /* Info.plist */,
			);
			path = PhotoLibrary;
			sourceTree = "<group>";
		};
		794855592D2E828C005C23F7 /* UIComponents */ = {
			isa = PBXGroup;
			children = (
				7948555D2D2EAD17005C23F7 /* BackBtn.swift */,
				7948555F2D2EAF6A005C23F7 /* LikeBtn.swift */,
				794855612D2EB0FB005C23F7 /* PhotoView.swift */,
				794855632D2FC11B005C23F7 /* ArrowBtn.swift */,
				794855682D2FD884005C23F7 /* DateLabel.swift */,
				7948556C2D2FF67A005C23F7 /* AddPhotoBtn.swift */,
				7948556E2D2FFEED005C23F7 /* DescriptionTextField.swift */,
				79A856552D3938940003552B /* FlipBtn.swift */,
				79A8565E2D3E79B40003552B /* PasscodeStackView.swift */,
			);
			path = UIComponents;
			sourceTree = "<group>";
		};
		794855652D2FCA62005C23F7 /* Fonts */ = {
			isa = PBXGroup;
			children = (
				794855662D2FCA6D005C23F7 /* Montserrat-VariableFont_wght.ttf */,
			);
			path = Fonts;
			sourceTree = "<group>";
		};
		79A856572D3939F70003552B /* StorageManager */ = {
			isa = PBXGroup;
			children = (
				794855922D3152AE005C23F7 /* UserImage.swift */,
				794855942D315465005C23F7 /* StorageManager.swift */,
			);
			path = StorageManager;
			sourceTree = "<group>";
		};
		A0970960F747C10F9F4B777E /* Pods */ = {
			isa = PBXGroup;
			children = (
				1DB1CB8F2E19F3B6E3861819 /* Pods-PhotoLibrary.debug.xcconfig */,
				39541820B91086FD51AB166C /* Pods-PhotoLibrary.release.xcconfig */,
			);
			path = Pods;
			sourceTree = "<group>";
		};
		E2EBF1BC42DE09356737EAAB /* Frameworks */ = {
			isa = PBXGroup;
			children = (
				5A07776ADE957091DC5C2FA0 /* Pods_PhotoLibrary.framework */,
			);
			name = Frameworks;
			sourceTree = "<group>";
		};
/* End PBXGroup section */

/* Begin PBXNativeTarget section */
		7948553B2D2BC945005C23F7 /* PhotoLibrary */ = {
			isa = PBXNativeTarget;
			buildConfigurationList = 794855502D2BC947005C23F7 /* Build configuration list for PBXNativeTarget "PhotoLibrary" */;
			buildPhases = (
				0E9F1F6411B4E9A12DA737C4 /* [CP] Check Pods Manifest.lock */,
				794855382D2BC945005C23F7 /* Sources */,
				794855392D2BC945005C23F7 /* Frameworks */,
				7948553A2D2BC945005C23F7 /* Resources */,
				19FF36A2AC3C1A6AA45B6D19 /* [CP] Embed Pods Frameworks */,
			);
			buildRules = (
			);
			dependencies = (
			);
			name = PhotoLibrary;
			productName = PhotoLibrary;
			productReference = 7948553C2D2BC945005C23F7 /* PhotoLibrary.app */;
			productType = "com.apple.product-type.application";
		};
/* End PBXNativeTarget section */

/* Begin PBXProject section */
		794855342D2BC945005C23F7 /* Project object */ = {
			isa = PBXProject;
			attributes = {
				BuildIndependentTargetsInParallel = 1;
				LastSwiftUpdateCheck = 1430;
				LastUpgradeCheck = 1430;
				TargetAttributes = {
					7948553B2D2BC945005C23F7 = {
						CreatedOnToolsVersion = 14.3.1;
					};
				};
			};
			buildConfigurationList = 794855372D2BC945005C23F7 /* Build configuration list for PBXProject "PhotoLibrary" */;
			compatibilityVersion = "Xcode 14.0";
			developmentRegion = en;
			hasScannedForEncodings = 0;
			knownRegions = (
				en,
				Base,
			);
			mainGroup = 794855332D2BC945005C23F7;
			productRefGroup = 7948553D2D2BC945005C23F7 /* Products */;
			projectDirPath = "";
			projectRoot = "";
			targets = (
				7948553B2D2BC945005C23F7 /* PhotoLibrary */,
			);
		};
/* End PBXProject section */

/* Begin PBXResourcesBuildPhase section */
		7948553A2D2BC945005C23F7 /* Resources */ = {
			isa = PBXResourcesBuildPhase;
			buildActionMask = 2147483647;
			files = (
				794855672D2FCA6D005C23F7 /* Montserrat-VariableFont_wght.ttf in Resources */,
				7948554C2D2BC947005C23F7 /* LaunchScreen.storyboard in Resources */,
				794855492D2BC947005C23F7 /* Assets.xcassets in Resources */,
				794855472D2BC945005C23F7 /* Main.storyboard in Resources */,
			);
			runOnlyForDeploymentPostprocessing = 0;
		};
/* End PBXResourcesBuildPhase section */

/* Begin PBXShellScriptBuildPhase section */
		0E9F1F6411B4E9A12DA737C4 /* [CP] Check Pods Manifest.lock */ = {
			isa = PBXShellScriptBuildPhase;
			buildActionMask = 2147483647;
			files = (
			);
			inputFileListPaths = (
			);
			inputPaths = (
				"${PODS_PODFILE_DIR_PATH}/Podfile.lock",
				"${PODS_ROOT}/Manifest.lock",
			);
			name = "[CP] Check Pods Manifest.lock";
			outputFileListPaths = (
			);
			outputPaths = (
				"$(DERIVED_FILE_DIR)/Pods-PhotoLibrary-checkManifestLockResult.txt",
			);
			runOnlyForDeploymentPostprocessing = 0;
			shellPath = /bin/sh;
			shellScript = "diff \"${PODS_PODFILE_DIR_PATH}/Podfile.lock\" \"${PODS_ROOT}/Manifest.lock\" > /dev/null\nif [ $? != 0 ] ; then\n    # print error to STDERR\n    echo \"error: The sandbox is not in sync with the Podfile.lock. Run 'pod install' or update your CocoaPods installation.\" >&2\n    exit 1\nfi\n# This output is used by Xcode 'outputs' to avoid re-running this script phase.\necho \"SUCCESS\" > \"${SCRIPT_OUTPUT_FILE_0}\"\n";
			showEnvVarsInLog = 0;
		};
		19FF36A2AC3C1A6AA45B6D19 /* [CP] Embed Pods Frameworks */ = {
			isa = PBXShellScriptBuildPhase;
			buildActionMask = 2147483647;
			files = (
			);
			inputFileListPaths = (
				"${PODS_ROOT}/Target Support Files/Pods-PhotoLibrary/Pods-PhotoLibrary-frameworks-${CONFIGURATION}-input-files.xcfilelist",
			);
			name = "[CP] Embed Pods Frameworks";
			outputFileListPaths = (
				"${PODS_ROOT}/Target Support Files/Pods-PhotoLibrary/Pods-PhotoLibrary-frameworks-${CONFIGURATION}-output-files.xcfilelist",
			);
			runOnlyForDeploymentPostprocessing = 0;
			shellPath = /bin/sh;
			shellScript = "\"${PODS_ROOT}/Target Support Files/Pods-PhotoLibrary/Pods-PhotoLibrary-frameworks.sh\"\n";
			showEnvVarsInLog = 0;
		};
/* End PBXShellScriptBuildPhase section */

/* Begin PBXSourcesBuildPhase section */
		794855382D2BC945005C23F7 /* Sources */ = {
			isa = PBXSourcesBuildPhase;
			buildActionMask = 2147483647;
			files = (
				794855442D2BC945005C23F7 /* ViewController.swift in Sources */,
				7907566A2D50E64200B0C2D5 /* PhotoCell.swift in Sources */,
				79A8565F2D3E79B40003552B /* PasscodeStackView.swift in Sources */,
				794855602D2EAF6A005C23F7 /* LikeBtn.swift in Sources */,
				794855692D2FD884005C23F7 /* DateLabel.swift in Sources */,
				794855642D2FC11B005C23F7 /* ArrowBtn.swift in Sources */,
				794855562D2E80F8005C23F7 /* PasscodeViewController.swift in Sources */,
				794855932D3152AE005C23F7 /* UserImage.swift in Sources */,
				794855622D2EB0FB005C23F7 /* PhotoView.swift in Sources */,
				794855542D2E7EFD005C23F7 /* AddPhotoViewController.swift in Sources */,
				7948556D2D2FF67A005C23F7 /* AddPhotoBtn.swift in Sources */,
				7946936E2D467A6F00D5E0F3 /* UIViewController+Extensions.swift in Sources */,
				79A856562D3938940003552B /* FlipBtn.swift in Sources */,
				794855402D2BC945005C23F7 /* AppDelegate.swift in Sources */,
				794855972D315ED3005C23F7 /* PhotoViewController.swift in Sources */,
				794855422D2BC945005C23F7 /* SceneDelegate.swift in Sources */,
				79A856592D393A320003552B /* PhotoFlipper.swift in Sources */,
				7948556F2D2FFEED005C23F7 /* DescriptionTextField.swift in Sources */,
				7948555E2D2EAD17005C23F7 /* BackBtn.swift in Sources */,
				7948556B2D2FF207005C23F7 /* LibraryViewController.swift in Sources */,
				794855582D2E8144005C23F7 /* Constants.swift in Sources */,
				794855952D315466005C23F7 /* StorageManager.swift in Sources */,
			);
			runOnlyForDeploymentPostprocessing = 0;
		};
/* End PBXSourcesBuildPhase section */

/* Begin PBXVariantGroup section */
		794855452D2BC945005C23F7 /* Main.storyboard */ = {
			isa = PBXVariantGroup;
			children = (
				794855462D2BC945005C23F7 /* Base */,
			);
			name = Main.storyboard;
			sourceTree = "<group>";
		};
		7948554A2D2BC947005C23F7 /* LaunchScreen.storyboard */ = {
			isa = PBXVariantGroup;
			children = (
				7948554B2D2BC947005C23F7 /* Base */,
			);
			name = LaunchScreen.storyboard;
			sourceTree = "<group>";
		};
/* End PBXVariantGroup section */

/* Begin XCBuildConfiguration section */
		7948554E2D2BC947005C23F7 /* Debug */ = {
			isa = XCBuildConfiguration;
			buildSettings = {
				ALWAYS_SEARCH_USER_PATHS = NO;
				CLANG_ANALYZER_NONNULL = YES;
				CLANG_ANALYZER_NUMBER_OBJECT_CONVERSION = YES_AGGRESSIVE;
				CLANG_CXX_LANGUAGE_STANDARD = "gnu++20";
				CLANG_ENABLE_MODULES = YES;
				CLANG_ENABLE_OBJC_ARC = YES;
				CLANG_ENABLE_OBJC_WEAK = YES;
				CLANG_WARN_BLOCK_CAPTURE_AUTORELEASING = YES;
				CLANG_WARN_BOOL_CONVERSION = YES;
				CLANG_WARN_COMMA = YES;
				CLANG_WARN_CONSTANT_CONVERSION = YES;
				CLANG_WARN_DEPRECATED_OBJC_IMPLEMENTATIONS = YES;
				CLANG_WARN_DIRECT_OBJC_ISA_USAGE = YES_ERROR;
				CLANG_WARN_DOCUMENTATION_COMMENTS = YES;
				CLANG_WARN_EMPTY_BODY = YES;
				CLANG_WARN_ENUM_CONVERSION = YES;
				CLANG_WARN_INFINITE_RECURSION = YES;
				CLANG_WARN_INT_CONVERSION = YES;
				CLANG_WARN_NON_LITERAL_NULL_CONVERSION = YES;
				CLANG_WARN_OBJC_IMPLICIT_RETAIN_SELF = YES;
				CLANG_WARN_OBJC_LITERAL_CONVERSION = YES;
				CLANG_WARN_OBJC_ROOT_CLASS = YES_ERROR;
				CLANG_WARN_QUOTED_INCLUDE_IN_FRAMEWORK_HEADER = YES;
				CLANG_WARN_RANGE_LOOP_ANALYSIS = YES;
				CLANG_WARN_STRICT_PROTOTYPES = YES;
				CLANG_WARN_SUSPICIOUS_MOVE = YES;
				CLANG_WARN_UNGUARDED_AVAILABILITY = YES_AGGRESSIVE;
				CLANG_WARN_UNREACHABLE_CODE = YES;
				CLANG_WARN__DUPLICATE_METHOD_MATCH = YES;
				COPY_PHASE_STRIP = NO;
				DEBUG_INFORMATION_FORMAT = dwarf;
				ENABLE_STRICT_OBJC_MSGSEND = YES;
				ENABLE_TESTABILITY = YES;
				GCC_C_LANGUAGE_STANDARD = gnu11;
				GCC_DYNAMIC_NO_PIC = NO;
				GCC_NO_COMMON_BLOCKS = YES;
				GCC_OPTIMIZATION_LEVEL = 0;
				GCC_PREPROCESSOR_DEFINITIONS = (
					"DEBUG=1",
					"$(inherited)",
				);
				GCC_WARN_64_TO_32_BIT_CONVERSION = YES;
				GCC_WARN_ABOUT_RETURN_TYPE = YES_ERROR;
				GCC_WARN_UNDECLARED_SELECTOR = YES;
				GCC_WARN_UNINITIALIZED_AUTOS = YES_AGGRESSIVE;
				GCC_WARN_UNUSED_FUNCTION = YES;
				GCC_WARN_UNUSED_VARIABLE = YES;
				IPHONEOS_DEPLOYMENT_TARGET = 16.4;
				MTL_ENABLE_DEBUG_INFO = INCLUDE_SOURCE;
				MTL_FAST_MATH = YES;
				ONLY_ACTIVE_ARCH = YES;
				SDKROOT = iphoneos;
				SWIFT_ACTIVE_COMPILATION_CONDITIONS = DEBUG;
				SWIFT_OPTIMIZATION_LEVEL = "-Onone";
			};
			name = Debug;
		};
		7948554F2D2BC947005C23F7 /* Release */ = {
			isa = XCBuildConfiguration;
			buildSettings = {
				ALWAYS_SEARCH_USER_PATHS = NO;
				CLANG_ANALYZER_NONNULL = YES;
				CLANG_ANALYZER_NUMBER_OBJECT_CONVERSION = YES_AGGRESSIVE;
				CLANG_CXX_LANGUAGE_STANDARD = "gnu++20";
				CLANG_ENABLE_MODULES = YES;
				CLANG_ENABLE_OBJC_ARC = YES;
				CLANG_ENABLE_OBJC_WEAK = YES;
				CLANG_WARN_BLOCK_CAPTURE_AUTORELEASING = YES;
				CLANG_WARN_BOOL_CONVERSION = YES;
				CLANG_WARN_COMMA = YES;
				CLANG_WARN_CONSTANT_CONVERSION = YES;
				CLANG_WARN_DEPRECATED_OBJC_IMPLEMENTATIONS = YES;
				CLANG_WARN_DIRECT_OBJC_ISA_USAGE = YES_ERROR;
				CLANG_WARN_DOCUMENTATION_COMMENTS = YES;
				CLANG_WARN_EMPTY_BODY = YES;
				CLANG_WARN_ENUM_CONVERSION = YES;
				CLANG_WARN_INFINITE_RECURSION = YES;
				CLANG_WARN_INT_CONVERSION = YES;
				CLANG_WARN_NON_LITERAL_NULL_CONVERSION = YES;
				CLANG_WARN_OBJC_IMPLICIT_RETAIN_SELF = YES;
				CLANG_WARN_OBJC_LITERAL_CONVERSION = YES;
				CLANG_WARN_OBJC_ROOT_CLASS = YES_ERROR;
				CLANG_WARN_QUOTED_INCLUDE_IN_FRAMEWORK_HEADER = YES;
				CLANG_WARN_RANGE_LOOP_ANALYSIS = YES;
				CLANG_WARN_STRICT_PROTOTYPES = YES;
				CLANG_WARN_SUSPICIOUS_MOVE = YES;
				CLANG_WARN_UNGUARDED_AVAILABILITY = YES_AGGRESSIVE;
				CLANG_WARN_UNREACHABLE_CODE = YES;
				CLANG_WARN__DUPLICATE_METHOD_MATCH = YES;
				COPY_PHASE_STRIP = NO;
				DEBUG_INFORMATION_FORMAT = "dwarf-with-dsym";
				ENABLE_NS_ASSERTIONS = NO;
				ENABLE_STRICT_OBJC_MSGSEND = YES;
				GCC_C_LANGUAGE_STANDARD = gnu11;
				GCC_NO_COMMON_BLOCKS = YES;
				GCC_WARN_64_TO_32_BIT_CONVERSION = YES;
				GCC_WARN_ABOUT_RETURN_TYPE = YES_ERROR;
				GCC_WARN_UNDECLARED_SELECTOR = YES;
				GCC_WARN_UNINITIALIZED_AUTOS = YES_AGGRESSIVE;
				GCC_WARN_UNUSED_FUNCTION = YES;
				GCC_WARN_UNUSED_VARIABLE = YES;
				IPHONEOS_DEPLOYMENT_TARGET = 16.4;
				MTL_ENABLE_DEBUG_INFO = NO;
				MTL_FAST_MATH = YES;
				SDKROOT = iphoneos;
				SWIFT_COMPILATION_MODE = wholemodule;
				SWIFT_OPTIMIZATION_LEVEL = "-O";
				VALIDATE_PRODUCT = YES;
			};
			name = Release;
		};
		794855512D2BC947005C23F7 /* Debug */ = {
			isa = XCBuildConfiguration;
			baseConfigurationReference = 1DB1CB8F2E19F3B6E3861819 /* Pods-PhotoLibrary.debug.xcconfig */;
			buildSettings = {
				ASSETCATALOG_COMPILER_APPICON_NAME = AppIcon;
				ASSETCATALOG_COMPILER_GLOBAL_ACCENT_COLOR_NAME = AccentColor;
				CODE_SIGN_STYLE = Automatic;
				CURRENT_PROJECT_VERSION = 1;
				GENERATE_INFOPLIST_FILE = YES;
				INFOPLIST_FILE = PhotoLibrary/Info.plist;
				INFOPLIST_KEY_UIApplicationSupportsIndirectInputEvents = YES;
				INFOPLIST_KEY_UILaunchStoryboardName = LaunchScreen;
				INFOPLIST_KEY_UIMainStoryboardFile = Main;
				INFOPLIST_KEY_UISupportedInterfaceOrientations_iPad = "UIInterfaceOrientationPortrait UIInterfaceOrientationPortraitUpsideDown UIInterfaceOrientationLandscapeLeft UIInterfaceOrientationLandscapeRight";
				INFOPLIST_KEY_UISupportedInterfaceOrientations_iPhone = "UIInterfaceOrientationPortrait UIInterfaceOrientationLandscapeLeft UIInterfaceOrientationLandscapeRight";
				LD_RUNPATH_SEARCH_PATHS = (
					"$(inherited)",
					"@executable_path/Frameworks",
				);
				MARKETING_VERSION = 1.0;
				PRODUCT_BUNDLE_IDENTIFIER = com.trus.PhotoLibrary;
				PRODUCT_NAME = "$(TARGET_NAME)";
				SWIFT_EMIT_LOC_STRINGS = YES;
				SWIFT_VERSION = 5.0;
				TARGETED_DEVICE_FAMILY = "1,2";
			};
			name = Debug;
		};
		794855522D2BC947005C23F7 /* Release */ = {
			isa = XCBuildConfiguration;
			baseConfigurationReference = 39541820B91086FD51AB166C /* Pods-PhotoLibrary.release.xcconfig */;
			buildSettings = {
				ASSETCATALOG_COMPILER_APPICON_NAME = AppIcon;
				ASSETCATALOG_COMPILER_GLOBAL_ACCENT_COLOR_NAME = AccentColor;
				CODE_SIGN_STYLE = Automatic;
				CURRENT_PROJECT_VERSION = 1;
				GENERATE_INFOPLIST_FILE = YES;
				INFOPLIST_FILE = PhotoLibrary/Info.plist;
				INFOPLIST_KEY_UIApplicationSupportsIndirectInputEvents = YES;
				INFOPLIST_KEY_UILaunchStoryboardName = LaunchScreen;
				INFOPLIST_KEY_UIMainStoryboardFile = Main;
				INFOPLIST_KEY_UISupportedInterfaceOrientations_iPad = "UIInterfaceOrientationPortrait UIInterfaceOrientationPortraitUpsideDown UIInterfaceOrientationLandscapeLeft UIInterfaceOrientationLandscapeRight";
				INFOPLIST_KEY_UISupportedInterfaceOrientations_iPhone = "UIInterfaceOrientationPortrait UIInterfaceOrientationLandscapeLeft UIInterfaceOrientationLandscapeRight";
				LD_RUNPATH_SEARCH_PATHS = (
					"$(inherited)",
					"@executable_path/Frameworks",
				);
				MARKETING_VERSION = 1.0;
				PRODUCT_BUNDLE_IDENTIFIER = com.trus.PhotoLibrary;
				PRODUCT_NAME = "$(TARGET_NAME)";
				SWIFT_EMIT_LOC_STRINGS = YES;
				SWIFT_VERSION = 5.0;
				TARGETED_DEVICE_FAMILY = "1,2";
			};
			name = Release;
		};
/* End XCBuildConfiguration section */

/* Begin XCConfigurationList section */
		794855372D2BC945005C23F7 /* Build configuration list for PBXProject "PhotoLibrary" */ = {
			isa = XCConfigurationList;
			buildConfigurations = (
				7948554E2D2BC947005C23F7 /* Debug */,
				7948554F2D2BC947005C23F7 /* Release */,
			);
			defaultConfigurationIsVisible = 0;
			defaultConfigurationName = Release;
		};
		794855502D2BC947005C23F7 /* Build configuration list for PBXNativeTarget "PhotoLibrary" */ = {
			isa = XCConfigurationList;
			buildConfigurations = (
				794855512D2BC947005C23F7 /* Debug */,
				794855522D2BC947005C23F7 /* Release */,
			);
			defaultConfigurationIsVisible = 0;
			defaultConfigurationName = Release;
		};
/* End XCConfigurationList section */
	};
	rootObject = 794855342D2BC945005C23F7 /* Project object */;
}
